// !$*UTF8*$!
{
	archiveVersion = 1;
	classes = {
	};
	objectVersion = 56;
	objects = {

/* Begin PBXBuildFile section */
		6B5541A228065D7AE7CAE4FD /* Pods_IUDITests.framework in Frameworks */ = {isa = PBXBuildFile; fileRef = 6A85C6EA8E23A90E04CE3A56 /* Pods_IUDITests.framework */; };
		99793040C9AE4F5AD0955E7C /* Pods_IUDI.framework in Frameworks */ = {isa = PBXBuildFile; fileRef = 888718E28E8066911DF3A882 /* Pods_IUDI.framework */; };
		A420FDA62B9614BA00C33C57 /* CellSize+Extension.swift in Sources */ = {isa = PBXBuildFile; fileRef = A420FDA52B9614BA00C33C57 /* CellSize+Extension.swift */; };
		A426D77A2B96D82900A5050B /* MainTabBarControllerViewController.swift in Sources */ = {isa = PBXBuildFile; fileRef = A426D7792B96D82900A5050B /* MainTabBarControllerViewController.swift */; };
		A426D77E2B96D94D00A5050B /* FilterViewController.swift in Sources */ = {isa = PBXBuildFile; fileRef = A426D77C2B96D94D00A5050B /* FilterViewController.swift */; };
		A426D77F2B96D94D00A5050B /* FilterViewController.xib in Resources */ = {isa = PBXBuildFile; fileRef = A426D77D2B96D94D00A5050B /* FilterViewController.xib */; };
		A426D7812B971F6000A5050B /* Roboto-Medium.ttf in Resources */ = {isa = PBXBuildFile; fileRef = A4A517352B86F5F100AD4CE3 /* Roboto-Medium.ttf */; };
		A42838712B982A8F0073BD7F /* FilterSettingUIViewController.swift in Sources */ = {isa = PBXBuildFile; fileRef = A428386F2B982A8F0073BD7F /* FilterSettingUIViewController.swift */; };
		A42838722B982A8F0073BD7F /* FilterSettingUIViewController.xib in Resources */ = {isa = PBXBuildFile; fileRef = A42838702B982A8F0073BD7F /* FilterSettingUIViewController.xib */; };
		A42838752B98648E0073BD7F /* Slider+Extension.swift in Sources */ = {isa = PBXBuildFile; fileRef = A42838742B98648E0073BD7F /* Slider+Extension.swift */; };
		A44C5CDF2B8745A000037024 /* ShowLoading and Aleart.swift in Sources */ = {isa = PBXBuildFile; fileRef = A44C5CDE2B8745A000037024 /* ShowLoading and Aleart.swift */; };
		A45348DD2B8C624F006D72E4 /* ProfileViewController.swift in Sources */ = {isa = PBXBuildFile; fileRef = A45348DC2B8C624F006D72E4 /* ProfileViewController.swift */; };
		A45348DF2B8C9919006D72E4 /* UserProfile.swift in Sources */ = {isa = PBXBuildFile; fileRef = A45348DE2B8C9919006D72E4 /* UserProfile.swift */; };
		A45ABCF62B9811CF0039B985 /* FilterCell.swift in Sources */ = {isa = PBXBuildFile; fileRef = A45ABCF42B9811CF0039B985 /* FilterCell.swift */; };
		A45ABCF72B9811CF0039B985 /* FilterCell.xib in Resources */ = {isa = PBXBuildFile; fileRef = A45ABCF52B9811CF0039B985 /* FilterCell.xib */; };
		A46D0E7F2B8ECFEA00E5CD4F /* ImageModel.swift in Sources */ = {isa = PBXBuildFile; fileRef = A46D0E7E2B8ECFEA00E5CD4F /* ImageModel.swift */; };
		A46D0E812B8ED2CC00E5CD4F /* APIServiceImage.swift in Sources */ = {isa = PBXBuildFile; fileRef = A46D0E802B8ED2CC00E5CD4F /* APIServiceImage.swift */; };
		A46D0E842B8F317800E5CD4F /* SelectImageViewController.swift in Sources */ = {isa = PBXBuildFile; fileRef = A46D0E832B8F317800E5CD4F /* SelectImageViewController.swift */; };
		A46D0E872B8F367600E5CD4F /* GetPhotos.swift in Sources */ = {isa = PBXBuildFile; fileRef = A46D0E862B8F367500E5CD4F /* GetPhotos.swift */; };
		A46D0E8A2B8F3B0500E5CD4F /* SelectImageCollectionViewCell.swift in Sources */ = {isa = PBXBuildFile; fileRef = A46D0E882B8F3B0500E5CD4F /* SelectImageCollectionViewCell.swift */; };
		A46D0E8B2B8F3B0500E5CD4F /* SelectImageCollectionViewCell.xib in Resources */ = {isa = PBXBuildFile; fileRef = A46D0E892B8F3B0500E5CD4F /* SelectImageCollectionViewCell.xib */; };
		A4712DA62B906CBE004903AA /* Add+Shadow+UIView.swift in Sources */ = {isa = PBXBuildFile; fileRef = A4712DA52B906CBE004903AA /* Add+Shadow+UIView.swift */; };
		A4712DA92B908F6F004903AA /* UserDistance.swift in Sources */ = {isa = PBXBuildFile; fileRef = A4712DA82B908F6F004903AA /* UserDistance.swift */; };
		A4738CAA2B92D2F4006BB7D7 /* DateConvert.swift in Sources */ = {isa = PBXBuildFile; fileRef = A4738CA92B92D2F4006BB7D7 /* DateConvert.swift */; };
		A474937C2B8BAFC500354464 /* HomeViewController.swift in Sources */ = {isa = PBXBuildFile; fileRef = A474937B2B8BAFC500354464 /* HomeViewController.swift */; };
		A483D03D2B88390600DD6B15 /* Theme Extension.swift in Sources */ = {isa = PBXBuildFile; fileRef = A483D03C2B88390600DD6B15 /* Theme Extension.swift */; };
		A483D03F2B88393700DD6B15 /* UserDefault.swift in Sources */ = {isa = PBXBuildFile; fileRef = A483D03E2B88393700DD6B15 /* UserDefault.swift */; };
		A483D0442B88413000DD6B15 /* APIService.swift in Sources */ = {isa = PBXBuildFile; fileRef = A483D0432B88413000DD6B15 /* APIService.swift */; };
		A483D0462B885BC700DD6B15 /* CheckValid.swift in Sources */ = {isa = PBXBuildFile; fileRef = A483D0452B885BC700DD6B15 /* CheckValid.swift */; };
		A483D0482B88711C00DD6B15 /* UserNetWorkManager.swift in Sources */ = {isa = PBXBuildFile; fileRef = A483D0472B88711C00DD6B15 /* UserNetWorkManager.swift */; };
		A48B896D2B94D8EE00C7BC51 /* UserLocation.swift in Sources */ = {isa = PBXBuildFile; fileRef = A48B896C2B94D8EE00C7BC51 /* UserLocation.swift */; };
		A49845AA2B8DEBE400357ABE /* Main.storyboard in Resources */ = {isa = PBXBuildFile; fileRef = A49845A92B8DEBE400357ABE /* Main.storyboard */; };
		A4A517022B86E52100AD4CE3 /* AppDelegate.swift in Sources */ = {isa = PBXBuildFile; fileRef = A4A517012B86E52100AD4CE3 /* AppDelegate.swift */; };
		A4A517042B86E52100AD4CE3 /* SceneDelegate.swift in Sources */ = {isa = PBXBuildFile; fileRef = A4A517032B86E52100AD4CE3 /* SceneDelegate.swift */; };
		A4A5170C2B86E52100AD4CE3 /* IUDI.xcdatamodeld in Sources */ = {isa = PBXBuildFile; fileRef = A4A5170A2B86E52100AD4CE3 /* IUDI.xcdatamodeld */; };
		A4A5170E2B86E52500AD4CE3 /* Assets.xcassets in Resources */ = {isa = PBXBuildFile; fileRef = A4A5170D2B86E52500AD4CE3 /* Assets.xcassets */; };
		A4A517112B86E52500AD4CE3 /* LaunchScreen.storyboard in Resources */ = {isa = PBXBuildFile; fileRef = A4A5170F2B86E52500AD4CE3 /* LaunchScreen.storyboard */; };
		A4A5171C2B86E52600AD4CE3 /* IUDITests.swift in Sources */ = {isa = PBXBuildFile; fileRef = A4A5171B2B86E52600AD4CE3 /* IUDITests.swift */; };
		A4A517262B86E52600AD4CE3 /* IUDIUITests.swift in Sources */ = {isa = PBXBuildFile; fileRef = A4A517252B86E52600AD4CE3 /* IUDIUITests.swift */; };
		A4A517282B86E52600AD4CE3 /* IUDIUITestsLaunchTests.swift in Sources */ = {isa = PBXBuildFile; fileRef = A4A517272B86E52600AD4CE3 /* IUDIUITestsLaunchTests.swift */; };
		A4A517432B86F5F100AD4CE3 /* Roboto-Light.ttf in Resources */ = {isa = PBXBuildFile; fileRef = A4A517362B86F5F100AD4CE3 /* Roboto-Light.ttf */; };
		A4A517452B86F5F100AD4CE3 /* Roboto-MediumItalic.ttf in Resources */ = {isa = PBXBuildFile; fileRef = A4A517382B86F5F100AD4CE3 /* Roboto-MediumItalic.ttf */; };
		A4A517462B86F5F100AD4CE3 /* Roboto-ThinItalic.ttf in Resources */ = {isa = PBXBuildFile; fileRef = A4A517392B86F5F100AD4CE3 /* Roboto-ThinItalic.ttf */; };
		A4A517472B86F5F100AD4CE3 /* Roboto-BoldItalic.ttf in Resources */ = {isa = PBXBuildFile; fileRef = A4A5173A2B86F5F100AD4CE3 /* Roboto-BoldItalic.ttf */; };
		A4A517482B86F5F100AD4CE3 /* Roboto-LightItalic.ttf in Resources */ = {isa = PBXBuildFile; fileRef = A4A5173B2B86F5F100AD4CE3 /* Roboto-LightItalic.ttf */; };
		A4A517492B86F5F100AD4CE3 /* Roboto-Italic.ttf in Resources */ = {isa = PBXBuildFile; fileRef = A4A5173C2B86F5F100AD4CE3 /* Roboto-Italic.ttf */; };
		A4A5174A2B86F5F100AD4CE3 /* LICENSE.txt in Resources */ = {isa = PBXBuildFile; fileRef = A4A5173D2B86F5F100AD4CE3 /* LICENSE.txt */; };
		A4A5174B2B86F5F100AD4CE3 /* Roboto-BlackItalic.ttf in Resources */ = {isa = PBXBuildFile; fileRef = A4A5173E2B86F5F100AD4CE3 /* Roboto-BlackItalic.ttf */; };
		A4A5174C2B86F5F100AD4CE3 /* Roboto-Bold.ttf in Resources */ = {isa = PBXBuildFile; fileRef = A4A5173F2B86F5F100AD4CE3 /* Roboto-Bold.ttf */; };
		A4A5174D2B86F5F100AD4CE3 /* Roboto-Thin.ttf in Resources */ = {isa = PBXBuildFile; fileRef = A4A517402B86F5F100AD4CE3 /* Roboto-Thin.ttf */; };
		A4A5174E2B86F5F100AD4CE3 /* Roboto-Black.ttf in Resources */ = {isa = PBXBuildFile; fileRef = A4A517412B86F5F100AD4CE3 /* Roboto-Black.ttf */; };
		A4A517502B86FB3200AD4CE3 /* UIView+Extension.swift in Sources */ = {isa = PBXBuildFile; fileRef = A4A5174F2B86FB3200AD4CE3 /* UIView+Extension.swift */; };
		A4A517522B86FD3A00AD4CE3 /* LoginViewController.swift in Sources */ = {isa = PBXBuildFile; fileRef = A4A517512B86FD3A00AD4CE3 /* LoginViewController.swift */; };
		A4A517552B8708B200AD4CE3 /* Constant.swift in Sources */ = {isa = PBXBuildFile; fileRef = A4A517542B8708B200AD4CE3 /* Constant.swift */; };
		A4A5175A2B871EA500AD4CE3 /* LoginResponse.swift in Sources */ = {isa = PBXBuildFile; fileRef = A4A517592B871EA500AD4CE3 /* LoginResponse.swift */; };
		A4A5175D2B873D9000AD4CE3 /* RegisterViewController.swift in Sources */ = {isa = PBXBuildFile; fileRef = A4A5175C2B873D9000AD4CE3 /* RegisterViewController.swift */; };
		A4A9B9792B8D06350044861C /* RegisterResponse.swift in Sources */ = {isa = PBXBuildFile; fileRef = A4A9B9782B8D06340044861C /* RegisterResponse.swift */; };
		A4B4AB9B2B8C2F7A00822DDB /* Roboto-Regular.ttf in Resources */ = {isa = PBXBuildFile; fileRef = A4A517372B86F5F100AD4CE3 /* Roboto-Regular.ttf */; };
		A4B4AB9E2B8C324100822DDB /* HomeCollectionViewCell.swift in Sources */ = {isa = PBXBuildFile; fileRef = A4B4AB9C2B8C324100822DDB /* HomeCollectionViewCell.swift */; };
		A4B4AB9F2B8C324100822DDB /* HomeCollectionViewCell.xib in Resources */ = {isa = PBXBuildFile; fileRef = A4B4AB9D2B8C324100822DDB /* HomeCollectionViewCell.xib */; };
		A4E1C61A2B918954006E3211 /* UserIntroduceViewController.swift in Sources */ = {isa = PBXBuildFile; fileRef = A4E1C6192B918954006E3211 /* UserIntroduceViewController.swift */; };
		AB24B17D2B8DEDED007665D8 /* SettingViewController.swift in Sources */ = {isa = PBXBuildFile; fileRef = AB24B17B2B8DEDED007665D8 /* SettingViewController.swift */; };
		AB24B17E2B8DEDED007665D8 /* SettingViewController.xib in Resources */ = {isa = PBXBuildFile; fileRef = AB24B17C2B8DEDED007665D8 /* SettingViewController.xib */; };
		AB8A68152B8DF1A7001F686F /* AboutViewController.swift in Sources */ = {isa = PBXBuildFile; fileRef = AB8A68132B8DF1A7001F686F /* AboutViewController.swift */; };
		AB8A68162B8DF1A7001F686F /* AboutViewController.xib in Resources */ = {isa = PBXBuildFile; fileRef = AB8A68142B8DF1A7001F686F /* AboutViewController.xib */; };
		AB8A681B2B8ED7B4001F686F /* GroupViewController.swift in Sources */ = {isa = PBXBuildFile; fileRef = AB8A68192B8ED7B4001F686F /* GroupViewController.swift */; };
		AB8A681C2B8ED7B4001F686F /* GroupViewController.xib in Resources */ = {isa = PBXBuildFile; fileRef = AB8A681A2B8ED7B4001F686F /* GroupViewController.xib */; };
		AB8A681F2B8ED887001F686F /* CollectionViewCell.swift in Sources */ = {isa = PBXBuildFile; fileRef = AB8A681D2B8ED887001F686F /* CollectionViewCell.swift */; };
		AB8A68202B8ED887001F686F /* CollectionViewCell.xib in Resources */ = {isa = PBXBuildFile; fileRef = AB8A681E2B8ED887001F686F /* CollectionViewCell.xib */; };
		AB8A68252B8EE039001F686F /* Datas.swift in Sources */ = {isa = PBXBuildFile; fileRef = AB8A68242B8EE039001F686F /* Datas.swift */; };
		AB8A682D2B8F16BA001F686F /* PrivacyViewController.swift in Sources */ = {isa = PBXBuildFile; fileRef = AB8A682B2B8F16BA001F686F /* PrivacyViewController.swift */; };
		AB8A682E2B8F16BA001F686F /* PrivacyViewController.xib in Resources */ = {isa = PBXBuildFile; fileRef = AB8A682C2B8F16BA001F686F /* PrivacyViewController.xib */; };
		AB8A68322B8F178B001F686F /* NotificationViewController.swift in Sources */ = {isa = PBXBuildFile; fileRef = AB8A68302B8F178B001F686F /* NotificationViewController.swift */; };
		AB8A68332B8F178B001F686F /* NotificationViewController.xib in Resources */ = {isa = PBXBuildFile; fileRef = AB8A68312B8F178B001F686F /* NotificationViewController.xib */; };
		C89CCF82DA23C51534F616BC /* Pods_IUDI_IUDIUITests.framework in Frameworks */ = {isa = PBXBuildFile; fileRef = 1F73342BEDD74C4D8573FB45 /* Pods_IUDI_IUDIUITests.framework */; };
/* End PBXBuildFile section */

/* Begin PBXContainerItemProxy section */
		A4A517182B86E52600AD4CE3 /* PBXContainerItemProxy */ = {
			isa = PBXContainerItemProxy;
			containerPortal = A4A516F62B86E52100AD4CE3 /* Project object */;
			proxyType = 1;
			remoteGlobalIDString = A4A516FD2B86E52100AD4CE3;
			remoteInfo = IUDI;
		};
		A4A517222B86E52600AD4CE3 /* PBXContainerItemProxy */ = {
			isa = PBXContainerItemProxy;
			containerPortal = A4A516F62B86E52100AD4CE3 /* Project object */;
			proxyType = 1;
			remoteGlobalIDString = A4A516FD2B86E52100AD4CE3;
			remoteInfo = IUDI;
		};
/* End PBXContainerItemProxy section */

/* Begin PBXFileReference section */
		08FDA6F46F4FCD165193BF25 /* Pods-IUDI-IUDIUITests.debug.xcconfig */ = {isa = PBXFileReference; includeInIndex = 1; lastKnownFileType = text.xcconfig; name = "Pods-IUDI-IUDIUITests.debug.xcconfig"; path = "Target Support Files/Pods-IUDI-IUDIUITests/Pods-IUDI-IUDIUITests.debug.xcconfig"; sourceTree = "<group>"; };
		1F73342BEDD74C4D8573FB45 /* Pods_IUDI_IUDIUITests.framework */ = {isa = PBXFileReference; explicitFileType = wrapper.framework; includeInIndex = 0; path = Pods_IUDI_IUDIUITests.framework; sourceTree = BUILT_PRODUCTS_DIR; };
		1FE7B9788E723F2941C05BE6 /* Pods-IUDI.release.xcconfig */ = {isa = PBXFileReference; includeInIndex = 1; lastKnownFileType = text.xcconfig; name = "Pods-IUDI.release.xcconfig"; path = "Target Support Files/Pods-IUDI/Pods-IUDI.release.xcconfig"; sourceTree = "<group>"; };
		5C71A79A806A06D2326D1737 /* Pods-IUDI-IUDIUITests.release.xcconfig */ = {isa = PBXFileReference; includeInIndex = 1; lastKnownFileType = text.xcconfig; name = "Pods-IUDI-IUDIUITests.release.xcconfig"; path = "Target Support Files/Pods-IUDI-IUDIUITests/Pods-IUDI-IUDIUITests.release.xcconfig"; sourceTree = "<group>"; };
		6A85C6EA8E23A90E04CE3A56 /* Pods_IUDITests.framework */ = {isa = PBXFileReference; explicitFileType = wrapper.framework; includeInIndex = 0; path = Pods_IUDITests.framework; sourceTree = BUILT_PRODUCTS_DIR; };
		888718E28E8066911DF3A882 /* Pods_IUDI.framework */ = {isa = PBXFileReference; explicitFileType = wrapper.framework; includeInIndex = 0; path = Pods_IUDI.framework; sourceTree = BUILT_PRODUCTS_DIR; };
		8BCB4CCFEEEC9F19F61889A5 /* Pods-IUDI.debug.xcconfig */ = {isa = PBXFileReference; includeInIndex = 1; lastKnownFileType = text.xcconfig; name = "Pods-IUDI.debug.xcconfig"; path = "Target Support Files/Pods-IUDI/Pods-IUDI.debug.xcconfig"; sourceTree = "<group>"; };
		95D978491C763FD1F3B95D6A /* Pods-IUDITests.debug.xcconfig */ = {isa = PBXFileReference; includeInIndex = 1; lastKnownFileType = text.xcconfig; name = "Pods-IUDITests.debug.xcconfig"; path = "Target Support Files/Pods-IUDITests/Pods-IUDITests.debug.xcconfig"; sourceTree = "<group>"; };
		A420FDA52B9614BA00C33C57 /* CellSize+Extension.swift */ = {isa = PBXFileReference; lastKnownFileType = sourcecode.swift; path = "CellSize+Extension.swift"; sourceTree = "<group>"; };
		A426D7792B96D82900A5050B /* MainTabBarControllerViewController.swift */ = {isa = PBXFileReference; lastKnownFileType = sourcecode.swift; path = MainTabBarControllerViewController.swift; sourceTree = "<group>"; };
		A426D77C2B96D94D00A5050B /* FilterViewController.swift */ = {isa = PBXFileReference; lastKnownFileType = sourcecode.swift; path = FilterViewController.swift; sourceTree = "<group>"; };
		A426D77D2B96D94D00A5050B /* FilterViewController.xib */ = {isa = PBXFileReference; lastKnownFileType = file.xib; path = FilterViewController.xib; sourceTree = "<group>"; };
		A428386F2B982A8F0073BD7F /* FilterSettingUIViewController.swift */ = {isa = PBXFileReference; lastKnownFileType = sourcecode.swift; path = FilterSettingUIViewController.swift; sourceTree = "<group>"; };
		A42838702B982A8F0073BD7F /* FilterSettingUIViewController.xib */ = {isa = PBXFileReference; lastKnownFileType = file.xib; path = FilterSettingUIViewController.xib; sourceTree = "<group>"; };
		A42838742B98648E0073BD7F /* Slider+Extension.swift */ = {isa = PBXFileReference; lastKnownFileType = sourcecode.swift; path = "Slider+Extension.swift"; sourceTree = "<group>"; };
		A44C5CDE2B8745A000037024 /* ShowLoading and Aleart.swift */ = {isa = PBXFileReference; lastKnownFileType = sourcecode.swift; path = "ShowLoading and Aleart.swift"; sourceTree = "<group>"; };
		A45348DC2B8C624F006D72E4 /* ProfileViewController.swift */ = {isa = PBXFileReference; lastKnownFileType = sourcecode.swift; path = ProfileViewController.swift; sourceTree = "<group>"; };
		A45348DE2B8C9919006D72E4 /* UserProfile.swift */ = {isa = PBXFileReference; lastKnownFileType = sourcecode.swift; path = UserProfile.swift; sourceTree = "<group>"; };
		A45ABCF42B9811CF0039B985 /* FilterCell.swift */ = {isa = PBXFileReference; lastKnownFileType = sourcecode.swift; path = FilterCell.swift; sourceTree = "<group>"; };
		A45ABCF52B9811CF0039B985 /* FilterCell.xib */ = {isa = PBXFileReference; lastKnownFileType = file.xib; path = FilterCell.xib; sourceTree = "<group>"; };
		A46D0E7E2B8ECFEA00E5CD4F /* ImageModel.swift */ = {isa = PBXFileReference; lastKnownFileType = sourcecode.swift; path = ImageModel.swift; sourceTree = "<group>"; };
		A46D0E802B8ED2CC00E5CD4F /* APIServiceImage.swift */ = {isa = PBXFileReference; lastKnownFileType = sourcecode.swift; path = APIServiceImage.swift; sourceTree = "<group>"; };
		A46D0E832B8F317800E5CD4F /* SelectImageViewController.swift */ = {isa = PBXFileReference; lastKnownFileType = sourcecode.swift; path = SelectImageViewController.swift; sourceTree = "<group>"; };
		A46D0E862B8F367500E5CD4F /* GetPhotos.swift */ = {isa = PBXFileReference; lastKnownFileType = sourcecode.swift; path = GetPhotos.swift; sourceTree = "<group>"; };
		A46D0E882B8F3B0500E5CD4F /* SelectImageCollectionViewCell.swift */ = {isa = PBXFileReference; lastKnownFileType = sourcecode.swift; path = SelectImageCollectionViewCell.swift; sourceTree = "<group>"; };
		A46D0E892B8F3B0500E5CD4F /* SelectImageCollectionViewCell.xib */ = {isa = PBXFileReference; lastKnownFileType = file.xib; path = SelectImageCollectionViewCell.xib; sourceTree = "<group>"; };
		A4712DA52B906CBE004903AA /* Add+Shadow+UIView.swift */ = {isa = PBXFileReference; lastKnownFileType = sourcecode.swift; path = "Add+Shadow+UIView.swift"; sourceTree = "<group>"; };
		A4712DA82B908F6F004903AA /* UserDistance.swift */ = {isa = PBXFileReference; lastKnownFileType = sourcecode.swift; path = UserDistance.swift; sourceTree = "<group>"; };
		A4738CA92B92D2F4006BB7D7 /* DateConvert.swift */ = {isa = PBXFileReference; lastKnownFileType = sourcecode.swift; path = DateConvert.swift; sourceTree = "<group>"; };
		A474937B2B8BAFC500354464 /* HomeViewController.swift */ = {isa = PBXFileReference; lastKnownFileType = sourcecode.swift; path = HomeViewController.swift; sourceTree = "<group>"; };
		A483D03C2B88390600DD6B15 /* Theme Extension.swift */ = {isa = PBXFileReference; lastKnownFileType = sourcecode.swift; path = "Theme Extension.swift"; sourceTree = "<group>"; };
		A483D03E2B88393700DD6B15 /* UserDefault.swift */ = {isa = PBXFileReference; lastKnownFileType = sourcecode.swift; path = UserDefault.swift; sourceTree = "<group>"; };
		A483D0432B88413000DD6B15 /* APIService.swift */ = {isa = PBXFileReference; lastKnownFileType = sourcecode.swift; path = APIService.swift; sourceTree = "<group>"; };
		A483D0452B885BC700DD6B15 /* CheckValid.swift */ = {isa = PBXFileReference; lastKnownFileType = sourcecode.swift; path = CheckValid.swift; sourceTree = "<group>"; };
		A483D0472B88711C00DD6B15 /* UserNetWorkManager.swift */ = {isa = PBXFileReference; lastKnownFileType = sourcecode.swift; path = UserNetWorkManager.swift; sourceTree = "<group>"; };
		A48B896C2B94D8EE00C7BC51 /* UserLocation.swift */ = {isa = PBXFileReference; lastKnownFileType = sourcecode.swift; path = UserLocation.swift; sourceTree = "<group>"; };
		A49845A92B8DEBE400357ABE /* Main.storyboard */ = {isa = PBXFileReference; fileEncoding = 4; lastKnownFileType = file.storyboard; path = Main.storyboard; sourceTree = "<group>"; };
		A4A516FE2B86E52100AD4CE3 /* IUDI.app */ = {isa = PBXFileReference; explicitFileType = wrapper.application; includeInIndex = 0; path = IUDI.app; sourceTree = BUILT_PRODUCTS_DIR; };
		A4A517012B86E52100AD4CE3 /* AppDelegate.swift */ = {isa = PBXFileReference; lastKnownFileType = sourcecode.swift; path = AppDelegate.swift; sourceTree = "<group>"; };
		A4A517032B86E52100AD4CE3 /* SceneDelegate.swift */ = {isa = PBXFileReference; lastKnownFileType = sourcecode.swift; path = SceneDelegate.swift; sourceTree = "<group>"; };
		A4A5170B2B86E52100AD4CE3 /* IUDI.xcdatamodel */ = {isa = PBXFileReference; lastKnownFileType = wrapper.xcdatamodel; path = IUDI.xcdatamodel; sourceTree = "<group>"; };
		A4A5170D2B86E52500AD4CE3 /* Assets.xcassets */ = {isa = PBXFileReference; lastKnownFileType = folder.assetcatalog; path = Assets.xcassets; sourceTree = "<group>"; };
		A4A517102B86E52500AD4CE3 /* Base */ = {isa = PBXFileReference; lastKnownFileType = file.storyboard; name = Base; path = Base.lproj/LaunchScreen.storyboard; sourceTree = "<group>"; };
		A4A517122B86E52500AD4CE3 /* Info.plist */ = {isa = PBXFileReference; lastKnownFileType = text.plist.xml; path = Info.plist; sourceTree = "<group>"; };
		A4A517172B86E52600AD4CE3 /* IUDITests.xctest */ = {isa = PBXFileReference; explicitFileType = wrapper.cfbundle; includeInIndex = 0; path = IUDITests.xctest; sourceTree = BUILT_PRODUCTS_DIR; };
		A4A5171B2B86E52600AD4CE3 /* IUDITests.swift */ = {isa = PBXFileReference; lastKnownFileType = sourcecode.swift; path = IUDITests.swift; sourceTree = "<group>"; };
		A4A517212B86E52600AD4CE3 /* IUDIUITests.xctest */ = {isa = PBXFileReference; explicitFileType = wrapper.cfbundle; includeInIndex = 0; path = IUDIUITests.xctest; sourceTree = BUILT_PRODUCTS_DIR; };
		A4A517252B86E52600AD4CE3 /* IUDIUITests.swift */ = {isa = PBXFileReference; lastKnownFileType = sourcecode.swift; path = IUDIUITests.swift; sourceTree = "<group>"; };
		A4A517272B86E52600AD4CE3 /* IUDIUITestsLaunchTests.swift */ = {isa = PBXFileReference; lastKnownFileType = sourcecode.swift; path = IUDIUITestsLaunchTests.swift; sourceTree = "<group>"; };
		A4A517352B86F5F100AD4CE3 /* Roboto-Medium.ttf */ = {isa = PBXFileReference; lastKnownFileType = file; path = "Roboto-Medium.ttf"; sourceTree = "<group>"; };
		A4A517362B86F5F100AD4CE3 /* Roboto-Light.ttf */ = {isa = PBXFileReference; lastKnownFileType = file; path = "Roboto-Light.ttf"; sourceTree = "<group>"; };
		A4A517372B86F5F100AD4CE3 /* Roboto-Regular.ttf */ = {isa = PBXFileReference; lastKnownFileType = file; path = "Roboto-Regular.ttf"; sourceTree = "<group>"; };
		A4A517382B86F5F100AD4CE3 /* Roboto-MediumItalic.ttf */ = {isa = PBXFileReference; lastKnownFileType = file; path = "Roboto-MediumItalic.ttf"; sourceTree = "<group>"; };
		A4A517392B86F5F100AD4CE3 /* Roboto-ThinItalic.ttf */ = {isa = PBXFileReference; lastKnownFileType = file; path = "Roboto-ThinItalic.ttf"; sourceTree = "<group>"; };
		A4A5173A2B86F5F100AD4CE3 /* Roboto-BoldItalic.ttf */ = {isa = PBXFileReference; lastKnownFileType = file; path = "Roboto-BoldItalic.ttf"; sourceTree = "<group>"; };
		A4A5173B2B86F5F100AD4CE3 /* Roboto-LightItalic.ttf */ = {isa = PBXFileReference; lastKnownFileType = file; path = "Roboto-LightItalic.ttf"; sourceTree = "<group>"; };
		A4A5173C2B86F5F100AD4CE3 /* Roboto-Italic.ttf */ = {isa = PBXFileReference; lastKnownFileType = file; path = "Roboto-Italic.ttf"; sourceTree = "<group>"; };
		A4A5173D2B86F5F100AD4CE3 /* LICENSE.txt */ = {isa = PBXFileReference; fileEncoding = 4; lastKnownFileType = text; path = LICENSE.txt; sourceTree = "<group>"; };
		A4A5173E2B86F5F100AD4CE3 /* Roboto-BlackItalic.ttf */ = {isa = PBXFileReference; lastKnownFileType = file; path = "Roboto-BlackItalic.ttf"; sourceTree = "<group>"; };
		A4A5173F2B86F5F100AD4CE3 /* Roboto-Bold.ttf */ = {isa = PBXFileReference; lastKnownFileType = file; path = "Roboto-Bold.ttf"; sourceTree = "<group>"; };
		A4A517402B86F5F100AD4CE3 /* Roboto-Thin.ttf */ = {isa = PBXFileReference; lastKnownFileType = file; path = "Roboto-Thin.ttf"; sourceTree = "<group>"; };
		A4A517412B86F5F100AD4CE3 /* Roboto-Black.ttf */ = {isa = PBXFileReference; lastKnownFileType = file; path = "Roboto-Black.ttf"; sourceTree = "<group>"; };
		A4A5174F2B86FB3200AD4CE3 /* UIView+Extension.swift */ = {isa = PBXFileReference; lastKnownFileType = sourcecode.swift; path = "UIView+Extension.swift"; sourceTree = "<group>"; };
		A4A517512B86FD3A00AD4CE3 /* LoginViewController.swift */ = {isa = PBXFileReference; lastKnownFileType = sourcecode.swift; path = LoginViewController.swift; sourceTree = "<group>"; };
		A4A517542B8708B200AD4CE3 /* Constant.swift */ = {isa = PBXFileReference; lastKnownFileType = sourcecode.swift; path = Constant.swift; sourceTree = "<group>"; };
		A4A517592B871EA500AD4CE3 /* LoginResponse.swift */ = {isa = PBXFileReference; lastKnownFileType = sourcecode.swift; path = LoginResponse.swift; sourceTree = "<group>"; };
		A4A5175C2B873D9000AD4CE3 /* RegisterViewController.swift */ = {isa = PBXFileReference; lastKnownFileType = sourcecode.swift; path = RegisterViewController.swift; sourceTree = "<group>"; };
		A4A9B9782B8D06340044861C /* RegisterResponse.swift */ = {isa = PBXFileReference; lastKnownFileType = sourcecode.swift; path = RegisterResponse.swift; sourceTree = "<group>"; };
		A4B4AB9C2B8C324100822DDB /* HomeCollectionViewCell.swift */ = {isa = PBXFileReference; lastKnownFileType = sourcecode.swift; path = HomeCollectionViewCell.swift; sourceTree = "<group>"; };
		A4B4AB9D2B8C324100822DDB /* HomeCollectionViewCell.xib */ = {isa = PBXFileReference; lastKnownFileType = file.xib; path = HomeCollectionViewCell.xib; sourceTree = "<group>"; };
		A4E1C6192B918954006E3211 /* UserIntroduceViewController.swift */ = {isa = PBXFileReference; lastKnownFileType = sourcecode.swift; path = UserIntroduceViewController.swift; sourceTree = "<group>"; };
		A5830D6B4C599F9307429DDF /* Pods-IUDITests.release.xcconfig */ = {isa = PBXFileReference; includeInIndex = 1; lastKnownFileType = text.xcconfig; name = "Pods-IUDITests.release.xcconfig"; path = "Target Support Files/Pods-IUDITests/Pods-IUDITests.release.xcconfig"; sourceTree = "<group>"; };
		AB24B17B2B8DEDED007665D8 /* SettingViewController.swift */ = {isa = PBXFileReference; lastKnownFileType = sourcecode.swift; path = SettingViewController.swift; sourceTree = "<group>"; };
		AB24B17C2B8DEDED007665D8 /* SettingViewController.xib */ = {isa = PBXFileReference; lastKnownFileType = file.xib; path = SettingViewController.xib; sourceTree = "<group>"; };
		AB8A68132B8DF1A7001F686F /* AboutViewController.swift */ = {isa = PBXFileReference; lastKnownFileType = sourcecode.swift; path = AboutViewController.swift; sourceTree = "<group>"; };
		AB8A68142B8DF1A7001F686F /* AboutViewController.xib */ = {isa = PBXFileReference; lastKnownFileType = file.xib; path = AboutViewController.xib; sourceTree = "<group>"; };
		AB8A68192B8ED7B4001F686F /* GroupViewController.swift */ = {isa = PBXFileReference; lastKnownFileType = sourcecode.swift; path = GroupViewController.swift; sourceTree = "<group>"; };
		AB8A681A2B8ED7B4001F686F /* GroupViewController.xib */ = {isa = PBXFileReference; lastKnownFileType = file.xib; path = GroupViewController.xib; sourceTree = "<group>"; };
		AB8A681D2B8ED887001F686F /* CollectionViewCell.swift */ = {isa = PBXFileReference; lastKnownFileType = sourcecode.swift; path = CollectionViewCell.swift; sourceTree = "<group>"; };
		AB8A681E2B8ED887001F686F /* CollectionViewCell.xib */ = {isa = PBXFileReference; lastKnownFileType = file.xib; path = CollectionViewCell.xib; sourceTree = "<group>"; };
		AB8A68242B8EE039001F686F /* Datas.swift */ = {isa = PBXFileReference; lastKnownFileType = sourcecode.swift; path = Datas.swift; sourceTree = "<group>"; };
		AB8A682B2B8F16BA001F686F /* PrivacyViewController.swift */ = {isa = PBXFileReference; lastKnownFileType = sourcecode.swift; path = PrivacyViewController.swift; sourceTree = "<group>"; };
		AB8A682C2B8F16BA001F686F /* PrivacyViewController.xib */ = {isa = PBXFileReference; lastKnownFileType = file.xib; path = PrivacyViewController.xib; sourceTree = "<group>"; };
		AB8A68302B8F178B001F686F /* NotificationViewController.swift */ = {isa = PBXFileReference; lastKnownFileType = sourcecode.swift; path = NotificationViewController.swift; sourceTree = "<group>"; };
		AB8A68312B8F178B001F686F /* NotificationViewController.xib */ = {isa = PBXFileReference; lastKnownFileType = file.xib; path = NotificationViewController.xib; sourceTree = "<group>"; };
/* End PBXFileReference section */

/* Begin PBXFrameworksBuildPhase section */
		A4A516FB2B86E52100AD4CE3 /* Frameworks */ = {
			isa = PBXFrameworksBuildPhase;
			buildActionMask = 2147483647;
			files = (
				99793040C9AE4F5AD0955E7C /* Pods_IUDI.framework in Frameworks */,
			);
			runOnlyForDeploymentPostprocessing = 0;
		};
		A4A517142B86E52600AD4CE3 /* Frameworks */ = {
			isa = PBXFrameworksBuildPhase;
			buildActionMask = 2147483647;
			files = (
				6B5541A228065D7AE7CAE4FD /* Pods_IUDITests.framework in Frameworks */,
			);
			runOnlyForDeploymentPostprocessing = 0;
		};
		A4A5171E2B86E52600AD4CE3 /* Frameworks */ = {
			isa = PBXFrameworksBuildPhase;
			buildActionMask = 2147483647;
			files = (
				C89CCF82DA23C51534F616BC /* Pods_IUDI_IUDIUITests.framework in Frameworks */,
			);
			runOnlyForDeploymentPostprocessing = 0;
		};
/* End PBXFrameworksBuildPhase section */

/* Begin PBXGroup section */
		606A29D788D2861F3676923A /* Pods */ = {
			isa = PBXGroup;
			children = (
				8BCB4CCFEEEC9F19F61889A5 /* Pods-IUDI.debug.xcconfig */,
				1FE7B9788E723F2941C05BE6 /* Pods-IUDI.release.xcconfig */,
				08FDA6F46F4FCD165193BF25 /* Pods-IUDI-IUDIUITests.debug.xcconfig */,
				5C71A79A806A06D2326D1737 /* Pods-IUDI-IUDIUITests.release.xcconfig */,
				95D978491C763FD1F3B95D6A /* Pods-IUDITests.debug.xcconfig */,
				A5830D6B4C599F9307429DDF /* Pods-IUDITests.release.xcconfig */,
			);
			path = Pods;
			sourceTree = "<group>";
		};
		A3BC729FB42E2AA43CFD15E8 /* Frameworks */ = {
			isa = PBXGroup;
			children = (
				888718E28E8066911DF3A882 /* Pods_IUDI.framework */,
				1F73342BEDD74C4D8573FB45 /* Pods_IUDI_IUDIUITests.framework */,
				6A85C6EA8E23A90E04CE3A56 /* Pods_IUDITests.framework */,
			);
			name = Frameworks;
			sourceTree = "<group>";
		};
		A426D77B2B96D83B00A5050B /* Tab Bar */ = {
			isa = PBXGroup;
			children = (
				A426D7792B96D82900A5050B /* MainTabBarControllerViewController.swift */,
				A483D03A2B88377900DD6B15 /* Home Screen */,
				A426D7802B96D95E00A5050B /* filter Screen */,
			);
			path = "Tab Bar";
			sourceTree = "<group>";
		};
		A426D7802B96D95E00A5050B /* filter Screen */ = {
			isa = PBXGroup;
			children = (
				A426D77C2B96D94D00A5050B /* FilterViewController.swift */,
				A426D77D2B96D94D00A5050B /* FilterViewController.xib */,
				A42838732B982AA00073BD7F /* Filter Setting */,
				A428386E2B982A3E0073BD7F /* Cell */,
			);
			path = "filter Screen";
			sourceTree = "<group>";
		};
		A428386E2B982A3E0073BD7F /* Cell */ = {
			isa = PBXGroup;
			children = (
				A45ABCF42B9811CF0039B985 /* FilterCell.swift */,
				A45ABCF52B9811CF0039B985 /* FilterCell.xib */,
			);
			path = Cell;
			sourceTree = "<group>";
		};
		A42838732B982AA00073BD7F /* Filter Setting */ = {
			isa = PBXGroup;
			children = (
				A428386F2B982A8F0073BD7F /* FilterSettingUIViewController.swift */,
				A42838702B982A8F0073BD7F /* FilterSettingUIViewController.xib */,
			);
			path = "Filter Setting";
			sourceTree = "<group>";
		};
		A44C5CDD2B87457D00037024 /* Extension */ = {
			isa = PBXGroup;
			children = (
				A4A5174F2B86FB3200AD4CE3 /* UIView+Extension.swift */,
				A4712DA52B906CBE004903AA /* Add+Shadow+UIView.swift */,
				A483D0452B885BC700DD6B15 /* CheckValid.swift */,
				A44C5CDE2B8745A000037024 /* ShowLoading and Aleart.swift */,
				A483D03C2B88390600DD6B15 /* Theme Extension.swift */,
				A483D03E2B88393700DD6B15 /* UserDefault.swift */,
				A4738CA92B92D2F4006BB7D7 /* DateConvert.swift */,
				A420FDA52B9614BA00C33C57 /* CellSize+Extension.swift */,
				A42838742B98648E0073BD7F /* Slider+Extension.swift */,
			);
			path = Extension;
			sourceTree = "<group>";
		};
		A453BBC22B88A16300614034 /* RegisterScreen */ = {
			isa = PBXGroup;
			children = (
				A4A5175C2B873D9000AD4CE3 /* RegisterViewController.swift */,
			);
			name = RegisterScreen;
			path = LoginScreen/RegisterScreen;
			sourceTree = "<group>";
		};
		A453BBC32B88A1A100614034 /* Constant */ = {
			isa = PBXGroup;
			children = (
				A4A517542B8708B200AD4CE3 /* Constant.swift */,
			);
			path = Constant;
			sourceTree = "<group>";
		};
		A46D0E852B8F31E900E5CD4F /* Profile Screen */ = {
			isa = PBXGroup;
			children = (
				A45348DC2B8C624F006D72E4 /* ProfileViewController.swift */,
				A46D0E832B8F317800E5CD4F /* SelectImageViewController.swift */,
				A46D0E882B8F3B0500E5CD4F /* SelectImageCollectionViewCell.swift */,
				A46D0E892B8F3B0500E5CD4F /* SelectImageCollectionViewCell.xib */,
			);
			path = "Profile Screen";
			sourceTree = "<group>";
		};
		A483D03A2B88377900DD6B15 /* Home Screen */ = {
			isa = PBXGroup;
			children = (
				A474937B2B8BAFC500354464 /* HomeViewController.swift */,
				A4E1C61B2B9189BC006E3211 /* Home Cell */,
				A4E1C6192B918954006E3211 /* UserIntroduceViewController.swift */,
			);
			path = "Home Screen";
			sourceTree = "<group>";
		};
		A483D03B2B88379C00DD6B15 /* NetWork */ = {
			isa = PBXGroup;
			children = (
				A46D0E7E2B8ECFEA00E5CD4F /* ImageModel.swift */,
				A46D0E802B8ED2CC00E5CD4F /* APIServiceImage.swift */,
				A483D0472B88711C00DD6B15 /* UserNetWorkManager.swift */,
				A483D0432B88413000DD6B15 /* APIService.swift */,
				A4A517592B871EA500AD4CE3 /* LoginResponse.swift */,
				A4A9B9782B8D06340044861C /* RegisterResponse.swift */,
				A45348DE2B8C9919006D72E4 /* UserProfile.swift */,
				A46D0E862B8F367500E5CD4F /* GetPhotos.swift */,
				A4712DA82B908F6F004903AA /* UserDistance.swift */,
			);
			path = NetWork;
			sourceTree = "<group>";
		};
		A483D0402B883BDC00DD6B15 /* Onboarding Screen */ = {
			isa = PBXGroup;
			children = (
			);
			path = "Onboarding Screen";
			sourceTree = "<group>";
		};
		A4A516F52B86E52000AD4CE3 = {
			isa = PBXGroup;
			children = (
				A4A517002B86E52100AD4CE3 /* IUDI */,
				A4A5171A2B86E52600AD4CE3 /* IUDITests */,
				A4A517242B86E52600AD4CE3 /* IUDIUITests */,
				A4A516FF2B86E52100AD4CE3 /* Products */,
				606A29D788D2861F3676923A /* Pods */,
				A3BC729FB42E2AA43CFD15E8 /* Frameworks */,
			);
			sourceTree = "<group>";
		};
		A4A516FF2B86E52100AD4CE3 /* Products */ = {
			isa = PBXGroup;
			children = (
				A4A516FE2B86E52100AD4CE3 /* IUDI.app */,
				A4A517172B86E52600AD4CE3 /* IUDITests.xctest */,
				A4A517212B86E52600AD4CE3 /* IUDIUITests.xctest */,
			);
			name = Products;
			sourceTree = "<group>";
		};
		A4A517002B86E52100AD4CE3 /* IUDI */ = {
			isa = PBXGroup;
			children = (
				AB24B1762B8DED8E007665D8 /* Setting */,
				A4A517012B86E52100AD4CE3 /* AppDelegate.swift */,
				A4A517032B86E52100AD4CE3 /* SceneDelegate.swift */,
				A44C5CDD2B87457D00037024 /* Extension */,
				A453BBC32B88A1A100614034 /* Constant */,
				A483D03B2B88379C00DD6B15 /* NetWork */,
				A483D0402B883BDC00DD6B15 /* Onboarding Screen */,
				A46D0E852B8F31E900E5CD4F /* Profile Screen */,
				A426D77B2B96D83B00A5050B /* Tab Bar */,
				A453BBC22B88A16300614034 /* RegisterScreen */,
				A4A517532B86FD5100AD4CE3 /* LoginScreen */,
				A4A517342B86F5F100AD4CE3 /* Roboto Font */,
				A4A5170D2B86E52500AD4CE3 /* Assets.xcassets */,
				A49845A92B8DEBE400357ABE /* Main.storyboard */,
				A4A5170F2B86E52500AD4CE3 /* LaunchScreen.storyboard */,
				A4A517122B86E52500AD4CE3 /* Info.plist */,
				A4A5170A2B86E52100AD4CE3 /* IUDI.xcdatamodeld */,
			);
			path = IUDI;
			sourceTree = "<group>";
		};
		A4A5171A2B86E52600AD4CE3 /* IUDITests */ = {
			isa = PBXGroup;
			children = (
				A4A5171B2B86E52600AD4CE3 /* IUDITests.swift */,
			);
			path = IUDITests;
			sourceTree = "<group>";
		};
		A4A517242B86E52600AD4CE3 /* IUDIUITests */ = {
			isa = PBXGroup;
			children = (
				A4A517252B86E52600AD4CE3 /* IUDIUITests.swift */,
				A4A517272B86E52600AD4CE3 /* IUDIUITestsLaunchTests.swift */,
			);
			path = IUDIUITests;
			sourceTree = "<group>";
		};
		A4A517342B86F5F100AD4CE3 /* Roboto Font */ = {
			isa = PBXGroup;
			children = (
				A4A517352B86F5F100AD4CE3 /* Roboto-Medium.ttf */,
				A4A517362B86F5F100AD4CE3 /* Roboto-Light.ttf */,
				A4A517372B86F5F100AD4CE3 /* Roboto-Regular.ttf */,
				A4A517382B86F5F100AD4CE3 /* Roboto-MediumItalic.ttf */,
				A4A517392B86F5F100AD4CE3 /* Roboto-ThinItalic.ttf */,
				A4A5173A2B86F5F100AD4CE3 /* Roboto-BoldItalic.ttf */,
				A4A5173B2B86F5F100AD4CE3 /* Roboto-LightItalic.ttf */,
				A4A5173C2B86F5F100AD4CE3 /* Roboto-Italic.ttf */,
				A4A5173D2B86F5F100AD4CE3 /* LICENSE.txt */,
				A4A5173E2B86F5F100AD4CE3 /* Roboto-BlackItalic.ttf */,
				A4A5173F2B86F5F100AD4CE3 /* Roboto-Bold.ttf */,
				A4A517402B86F5F100AD4CE3 /* Roboto-Thin.ttf */,
				A4A517412B86F5F100AD4CE3 /* Roboto-Black.ttf */,
			);
			path = "Roboto Font";
			sourceTree = SOURCE_ROOT;
		};
		A4A517532B86FD5100AD4CE3 /* LoginScreen */ = {
			isa = PBXGroup;
			children = (
				A4A517512B86FD3A00AD4CE3 /* LoginViewController.swift */,
				A48B896C2B94D8EE00C7BC51 /* UserLocation.swift */,
			);
			path = LoginScreen;
			sourceTree = "<group>";
		};
		A4E1C61B2B9189BC006E3211 /* Home Cell */ = {
			isa = PBXGroup;
			children = (
				A4B4AB9C2B8C324100822DDB /* HomeCollectionViewCell.swift */,
				A4B4AB9D2B8C324100822DDB /* HomeCollectionViewCell.xib */,
			);
			path = "Home Cell";
			sourceTree = "<group>";
		};
		AB24B1762B8DED8E007665D8 /* Setting */ = {
			isa = PBXGroup;
			children = (
				AB8A682F2B8F176B001F686F /* Notification */,
				AB8A682A2B8F1692001F686F /* Privacy */,
				AB8A68182B8ED7A1001F686F /* Group */,
				AB24B17B2B8DEDED007665D8 /* SettingViewController.swift */,
				AB24B17C2B8DEDED007665D8 /* SettingViewController.xib */,
				AB8A68132B8DF1A7001F686F /* AboutViewController.swift */,
				AB8A68142B8DF1A7001F686F /* AboutViewController.xib */,
			);
			path = Setting;
			sourceTree = "<group>";
		};
		AB8A68182B8ED7A1001F686F /* Group */ = {
			isa = PBXGroup;
			children = (
				AB8A68282B8EF3E6001F686F /* Cell Group */,
				AB8A68232B8EE022001F686F /* Dummy Datas */,
				AB8A68192B8ED7B4001F686F /* GroupViewController.swift */,
				AB8A681A2B8ED7B4001F686F /* GroupViewController.xib */,
			);
			path = Group;
			sourceTree = "<group>";
		};
		AB8A68232B8EE022001F686F /* Dummy Datas */ = {
			isa = PBXGroup;
			children = (
				AB8A68242B8EE039001F686F /* Datas.swift */,
			);
			path = "Dummy Datas";
			sourceTree = "<group>";
		};
		AB8A68282B8EF3E6001F686F /* Cell Group */ = {
			isa = PBXGroup;
			children = (
				AB8A681D2B8ED887001F686F /* CollectionViewCell.swift */,
				AB8A681E2B8ED887001F686F /* CollectionViewCell.xib */,
			);
			path = "Cell Group";
			sourceTree = "<group>";
		};
		AB8A682A2B8F1692001F686F /* Privacy */ = {
			isa = PBXGroup;
			children = (
				AB8A682B2B8F16BA001F686F /* PrivacyViewController.swift */,
				AB8A682C2B8F16BA001F686F /* PrivacyViewController.xib */,
			);
			path = Privacy;
			sourceTree = "<group>";
		};
		AB8A682F2B8F176B001F686F /* Notification */ = {
			isa = PBXGroup;
			children = (
				AB8A68302B8F178B001F686F /* NotificationViewController.swift */,
				AB8A68312B8F178B001F686F /* NotificationViewController.xib */,
			);
			path = Notification;
			sourceTree = "<group>";
		};
/* End PBXGroup section */

/* Begin PBXNativeTarget section */
		A4A516FD2B86E52100AD4CE3 /* IUDI */ = {
			isa = PBXNativeTarget;
			buildConfigurationList = A4A5172B2B86E52600AD4CE3 /* Build configuration list for PBXNativeTarget "IUDI" */;
			buildPhases = (
				48745800430E49D103FB7CAD /* [CP] Check Pods Manifest.lock */,
				A4A516FA2B86E52100AD4CE3 /* Sources */,
				A4A516FB2B86E52100AD4CE3 /* Frameworks */,
				A4A516FC2B86E52100AD4CE3 /* Resources */,
				0C0EEF8BFC93B3C281DE2D72 /* [CP] Embed Pods Frameworks */,
			);
			buildRules = (
			);
			dependencies = (
			);
			name = IUDI;
			productName = IUDI;
			productReference = A4A516FE2B86E52100AD4CE3 /* IUDI.app */;
			productType = "com.apple.product-type.application";
		};
		A4A517162B86E52600AD4CE3 /* IUDITests */ = {
			isa = PBXNativeTarget;
			buildConfigurationList = A4A5172E2B86E52600AD4CE3 /* Build configuration list for PBXNativeTarget "IUDITests" */;
			buildPhases = (
				B2B427DDBB9C7935FD25BEAF /* [CP] Check Pods Manifest.lock */,
				A4A517132B86E52600AD4CE3 /* Sources */,
				A4A517142B86E52600AD4CE3 /* Frameworks */,
				A4A517152B86E52600AD4CE3 /* Resources */,
			);
			buildRules = (
			);
			dependencies = (
				A4A517192B86E52600AD4CE3 /* PBXTargetDependency */,
			);
			name = IUDITests;
			productName = IUDITests;
			productReference = A4A517172B86E52600AD4CE3 /* IUDITests.xctest */;
			productType = "com.apple.product-type.bundle.unit-test";
		};
		A4A517202B86E52600AD4CE3 /* IUDIUITests */ = {
			isa = PBXNativeTarget;
			buildConfigurationList = A4A517312B86E52600AD4CE3 /* Build configuration list for PBXNativeTarget "IUDIUITests" */;
			buildPhases = (
				A10505C61F1CC2A130D9567B /* [CP] Check Pods Manifest.lock */,
				A4A5171D2B86E52600AD4CE3 /* Sources */,
				A4A5171E2B86E52600AD4CE3 /* Frameworks */,
				A4A5171F2B86E52600AD4CE3 /* Resources */,
				2E30C252C3D4A00CE2A05A13 /* [CP] Embed Pods Frameworks */,
			);
			buildRules = (
			);
			dependencies = (
				A4A517232B86E52600AD4CE3 /* PBXTargetDependency */,
			);
			name = IUDIUITests;
			productName = IUDIUITests;
			productReference = A4A517212B86E52600AD4CE3 /* IUDIUITests.xctest */;
			productType = "com.apple.product-type.bundle.ui-testing";
		};
/* End PBXNativeTarget section */

/* Begin PBXProject section */
		A4A516F62B86E52100AD4CE3 /* Project object */ = {
			isa = PBXProject;
			attributes = {
				BuildIndependentTargetsInParallel = 1;
				LastSwiftUpdateCheck = 1430;
				LastUpgradeCheck = 1430;
				TargetAttributes = {
					A4A516FD2B86E52100AD4CE3 = {
						CreatedOnToolsVersion = 14.3.1;
					};
					A4A517162B86E52600AD4CE3 = {
						CreatedOnToolsVersion = 14.3.1;
						TestTargetID = A4A516FD2B86E52100AD4CE3;
					};
					A4A517202B86E52600AD4CE3 = {
						CreatedOnToolsVersion = 14.3.1;
						TestTargetID = A4A516FD2B86E52100AD4CE3;
					};
				};
			};
			buildConfigurationList = A4A516F92B86E52100AD4CE3 /* Build configuration list for PBXProject "IUDI" */;
			compatibilityVersion = "Xcode 14.0";
			developmentRegion = en;
			hasScannedForEncodings = 0;
			knownRegions = (
				en,
				Base,
			);
			mainGroup = A4A516F52B86E52000AD4CE3;
			productRefGroup = A4A516FF2B86E52100AD4CE3 /* Products */;
			projectDirPath = "";
			projectRoot = "";
			targets = (
				A4A516FD2B86E52100AD4CE3 /* IUDI */,
				A4A517162B86E52600AD4CE3 /* IUDITests */,
				A4A517202B86E52600AD4CE3 /* IUDIUITests */,
			);
		};
/* End PBXProject section */

/* Begin PBXResourcesBuildPhase section */
		A4A516FC2B86E52100AD4CE3 /* Resources */ = {
			isa = PBXResourcesBuildPhase;
			buildActionMask = 2147483647;
			files = (
				A49845AA2B8DEBE400357ABE /* Main.storyboard in Resources */,
				AB24B17E2B8DEDED007665D8 /* SettingViewController.xib in Resources */,
				A4A5174C2B86F5F100AD4CE3 /* Roboto-Bold.ttf in Resources */,
				A4A5174A2B86F5F100AD4CE3 /* LICENSE.txt in Resources */,
				AB8A681C2B8ED7B4001F686F /* GroupViewController.xib in Resources */,
				A426D7812B971F6000A5050B /* Roboto-Medium.ttf in Resources */,
				A426D77F2B96D94D00A5050B /* FilterViewController.xib in Resources */,
				A4B4AB9B2B8C2F7A00822DDB /* Roboto-Regular.ttf in Resources */,
				AB8A68332B8F178B001F686F /* NotificationViewController.xib in Resources */,
				A42838722B982A8F0073BD7F /* FilterSettingUIViewController.xib in Resources */,
				A4A517472B86F5F100AD4CE3 /* Roboto-BoldItalic.ttf in Resources */,
				AB8A68202B8ED887001F686F /* CollectionViewCell.xib in Resources */,
				A46D0E8B2B8F3B0500E5CD4F /* SelectImageCollectionViewCell.xib in Resources */,
				A4A517482B86F5F100AD4CE3 /* Roboto-LightItalic.ttf in Resources */,
				A4B4AB9F2B8C324100822DDB /* HomeCollectionViewCell.xib in Resources */,
				A4A517112B86E52500AD4CE3 /* LaunchScreen.storyboard in Resources */,
				A4A5174B2B86F5F100AD4CE3 /* Roboto-BlackItalic.ttf in Resources */,
				AB8A68162B8DF1A7001F686F /* AboutViewController.xib in Resources */,
				A4A5174D2B86F5F100AD4CE3 /* Roboto-Thin.ttf in Resources */,
				A4A517432B86F5F100AD4CE3 /* Roboto-Light.ttf in Resources */,
				A4A517462B86F5F100AD4CE3 /* Roboto-ThinItalic.ttf in Resources */,
				AB8A682E2B8F16BA001F686F /* PrivacyViewController.xib in Resources */,
				A4A5174E2B86F5F100AD4CE3 /* Roboto-Black.ttf in Resources */,
				A4A517452B86F5F100AD4CE3 /* Roboto-MediumItalic.ttf in Resources */,
				A45ABCF72B9811CF0039B985 /* FilterCell.xib in Resources */,
				A4A5170E2B86E52500AD4CE3 /* Assets.xcassets in Resources */,
				A4A517492B86F5F100AD4CE3 /* Roboto-Italic.ttf in Resources */,
			);
			runOnlyForDeploymentPostprocessing = 0;
		};
		A4A517152B86E52600AD4CE3 /* Resources */ = {
			isa = PBXResourcesBuildPhase;
			buildActionMask = 2147483647;
			files = (
			);
			runOnlyForDeploymentPostprocessing = 0;
		};
		A4A5171F2B86E52600AD4CE3 /* Resources */ = {
			isa = PBXResourcesBuildPhase;
			buildActionMask = 2147483647;
			files = (
			);
			runOnlyForDeploymentPostprocessing = 0;
		};
/* End PBXResourcesBuildPhase section */

/* Begin PBXShellScriptBuildPhase section */
		0C0EEF8BFC93B3C281DE2D72 /* [CP] Embed Pods Frameworks */ = {
			isa = PBXShellScriptBuildPhase;
			buildActionMask = 2147483647;
			files = (
			);
			inputFileListPaths = (
				"${PODS_ROOT}/Target Support Files/Pods-IUDI/Pods-IUDI-frameworks-${CONFIGURATION}-input-files.xcfilelist",
			);
			name = "[CP] Embed Pods Frameworks";
			outputFileListPaths = (
				"${PODS_ROOT}/Target Support Files/Pods-IUDI/Pods-IUDI-frameworks-${CONFIGURATION}-output-files.xcfilelist",
			);
			runOnlyForDeploymentPostprocessing = 0;
			shellPath = /bin/sh;
			shellScript = "\"${PODS_ROOT}/Target Support Files/Pods-IUDI/Pods-IUDI-frameworks.sh\"\n";
			showEnvVarsInLog = 0;
		};
		2E30C252C3D4A00CE2A05A13 /* [CP] Embed Pods Frameworks */ = {
			isa = PBXShellScriptBuildPhase;
			buildActionMask = 2147483647;
			files = (
			);
			inputFileListPaths = (
				"${PODS_ROOT}/Target Support Files/Pods-IUDI-IUDIUITests/Pods-IUDI-IUDIUITests-frameworks-${CONFIGURATION}-input-files.xcfilelist",
			);
			name = "[CP] Embed Pods Frameworks";
			outputFileListPaths = (
				"${PODS_ROOT}/Target Support Files/Pods-IUDI-IUDIUITests/Pods-IUDI-IUDIUITests-frameworks-${CONFIGURATION}-output-files.xcfilelist",
			);
			runOnlyForDeploymentPostprocessing = 0;
			shellPath = /bin/sh;
			shellScript = "\"${PODS_ROOT}/Target Support Files/Pods-IUDI-IUDIUITests/Pods-IUDI-IUDIUITests-frameworks.sh\"\n";
			showEnvVarsInLog = 0;
		};
		48745800430E49D103FB7CAD /* [CP] Check Pods Manifest.lock */ = {
			isa = PBXShellScriptBuildPhase;
			buildActionMask = 2147483647;
			files = (
			);
			inputFileListPaths = (
			);
			inputPaths = (
				"${PODS_PODFILE_DIR_PATH}/Podfile.lock",
				"${PODS_ROOT}/Manifest.lock",
			);
			name = "[CP] Check Pods Manifest.lock";
			outputFileListPaths = (
			);
			outputPaths = (
				"$(DERIVED_FILE_DIR)/Pods-IUDI-checkManifestLockResult.txt",
			);
			runOnlyForDeploymentPostprocessing = 0;
			shellPath = /bin/sh;
			shellScript = "diff \"${PODS_PODFILE_DIR_PATH}/Podfile.lock\" \"${PODS_ROOT}/Manifest.lock\" > /dev/null\nif [ $? != 0 ] ; then\n    # print error to STDERR\n    echo \"error: The sandbox is not in sync with the Podfile.lock. Run 'pod install' or update your CocoaPods installation.\" >&2\n    exit 1\nfi\n# This output is used by Xcode 'outputs' to avoid re-running this script phase.\necho \"SUCCESS\" > \"${SCRIPT_OUTPUT_FILE_0}\"\n";
			showEnvVarsInLog = 0;
		};
		A10505C61F1CC2A130D9567B /* [CP] Check Pods Manifest.lock */ = {
			isa = PBXShellScriptBuildPhase;
			buildActionMask = 2147483647;
			files = (
			);
			inputFileListPaths = (
			);
			inputPaths = (
				"${PODS_PODFILE_DIR_PATH}/Podfile.lock",
				"${PODS_ROOT}/Manifest.lock",
			);
			name = "[CP] Check Pods Manifest.lock";
			outputFileListPaths = (
			);
			outputPaths = (
				"$(DERIVED_FILE_DIR)/Pods-IUDI-IUDIUITests-checkManifestLockResult.txt",
			);
			runOnlyForDeploymentPostprocessing = 0;
			shellPath = /bin/sh;
			shellScript = "diff \"${PODS_PODFILE_DIR_PATH}/Podfile.lock\" \"${PODS_ROOT}/Manifest.lock\" > /dev/null\nif [ $? != 0 ] ; then\n    # print error to STDERR\n    echo \"error: The sandbox is not in sync with the Podfile.lock. Run 'pod install' or update your CocoaPods installation.\" >&2\n    exit 1\nfi\n# This output is used by Xcode 'outputs' to avoid re-running this script phase.\necho \"SUCCESS\" > \"${SCRIPT_OUTPUT_FILE_0}\"\n";
			showEnvVarsInLog = 0;
		};
		B2B427DDBB9C7935FD25BEAF /* [CP] Check Pods Manifest.lock */ = {
			isa = PBXShellScriptBuildPhase;
			buildActionMask = 2147483647;
			files = (
			);
			inputFileListPaths = (
			);
			inputPaths = (
				"${PODS_PODFILE_DIR_PATH}/Podfile.lock",
				"${PODS_ROOT}/Manifest.lock",
			);
			name = "[CP] Check Pods Manifest.lock";
			outputFileListPaths = (
			);
			outputPaths = (
				"$(DERIVED_FILE_DIR)/Pods-IUDITests-checkManifestLockResult.txt",
			);
			runOnlyForDeploymentPostprocessing = 0;
			shellPath = /bin/sh;
			shellScript = "diff \"${PODS_PODFILE_DIR_PATH}/Podfile.lock\" \"${PODS_ROOT}/Manifest.lock\" > /dev/null\nif [ $? != 0 ] ; then\n    # print error to STDERR\n    echo \"error: The sandbox is not in sync with the Podfile.lock. Run 'pod install' or update your CocoaPods installation.\" >&2\n    exit 1\nfi\n# This output is used by Xcode 'outputs' to avoid re-running this script phase.\necho \"SUCCESS\" > \"${SCRIPT_OUTPUT_FILE_0}\"\n";
			showEnvVarsInLog = 0;
		};
/* End PBXShellScriptBuildPhase section */

/* Begin PBXSourcesBuildPhase section */
		A4A516FA2B86E52100AD4CE3 /* Sources */ = {
			isa = PBXSourcesBuildPhase;
			buildActionMask = 2147483647;
			files = (
				A4738CAA2B92D2F4006BB7D7 /* DateConvert.swift in Sources */,
				A4A5175D2B873D9000AD4CE3 /* RegisterViewController.swift in Sources */,
				A46D0E8A2B8F3B0500E5CD4F /* SelectImageCollectionViewCell.swift in Sources */,
				A483D03D2B88390600DD6B15 /* Theme Extension.swift in Sources */,
				A42838752B98648E0073BD7F /* Slider+Extension.swift in Sources */,
				AB8A681F2B8ED887001F686F /* CollectionViewCell.swift in Sources */,
				AB8A68152B8DF1A7001F686F /* AboutViewController.swift in Sources */,
				A46D0E872B8F367600E5CD4F /* GetPhotos.swift in Sources */,
				A4A517552B8708B200AD4CE3 /* Constant.swift in Sources */,
				A4B4AB9E2B8C324100822DDB /* HomeCollectionViewCell.swift in Sources */,
				A45ABCF62B9811CF0039B985 /* FilterCell.swift in Sources */,
				A483D0442B88413000DD6B15 /* APIService.swift in Sources */,
				AB8A68252B8EE039001F686F /* Datas.swift in Sources */,
				AB8A681B2B8ED7B4001F686F /* GroupViewController.swift in Sources */,
				AB24B17D2B8DEDED007665D8 /* SettingViewController.swift in Sources */,
				A44C5CDF2B8745A000037024 /* ShowLoading and Aleart.swift in Sources */,
				A45348DD2B8C624F006D72E4 /* ProfileViewController.swift in Sources */,
				A4A9B9792B8D06350044861C /* RegisterResponse.swift in Sources */,
				A4E1C61A2B918954006E3211 /* UserIntroduceViewController.swift in Sources */,
				A42838712B982A8F0073BD7F /* FilterSettingUIViewController.swift in Sources */,
				A483D0482B88711C00DD6B15 /* UserNetWorkManager.swift in Sources */,
				A4712DA62B906CBE004903AA /* Add+Shadow+UIView.swift in Sources */,
				A46D0E842B8F317800E5CD4F /* SelectImageViewController.swift in Sources */,
				A4A517522B86FD3A00AD4CE3 /* LoginViewController.swift in Sources */,
				A48B896D2B94D8EE00C7BC51 /* UserLocation.swift in Sources */,
				AB8A682D2B8F16BA001F686F /* PrivacyViewController.swift in Sources */,
				A46D0E7F2B8ECFEA00E5CD4F /* ImageModel.swift in Sources */,
				A4712DA92B908F6F004903AA /* UserDistance.swift in Sources */,
				A420FDA62B9614BA00C33C57 /* CellSize+Extension.swift in Sources */,
				A474937C2B8BAFC500354464 /* HomeViewController.swift in Sources */,
				A46D0E812B8ED2CC00E5CD4F /* APIServiceImage.swift in Sources */,
				A4A5175A2B871EA500AD4CE3 /* LoginResponse.swift in Sources */,
				A4A5170C2B86E52100AD4CE3 /* IUDI.xcdatamodeld in Sources */,
				A483D03F2B88393700DD6B15 /* UserDefault.swift in Sources */,
				A45348DF2B8C9919006D72E4 /* UserProfile.swift in Sources */,
				A4A517022B86E52100AD4CE3 /* AppDelegate.swift in Sources */,
				A426D77E2B96D94D00A5050B /* FilterViewController.swift in Sources */,
				AB8A68322B8F178B001F686F /* NotificationViewController.swift in Sources */,
				A4A517502B86FB3200AD4CE3 /* UIView+Extension.swift in Sources */,
				A426D77A2B96D82900A5050B /* MainTabBarControllerViewController.swift in Sources */,
				A4A517042B86E52100AD4CE3 /* SceneDelegate.swift in Sources */,
				A483D0462B885BC700DD6B15 /* CheckValid.swift in Sources */,
			);
			runOnlyForDeploymentPostprocessing = 0;
		};
		A4A517132B86E52600AD4CE3 /* Sources */ = {
			isa = PBXSourcesBuildPhase;
			buildActionMask = 2147483647;
			files = (
				A4A5171C2B86E52600AD4CE3 /* IUDITests.swift in Sources */,
			);
			runOnlyForDeploymentPostprocessing = 0;
		};
		A4A5171D2B86E52600AD4CE3 /* Sources */ = {
			isa = PBXSourcesBuildPhase;
			buildActionMask = 2147483647;
			files = (
				A4A517262B86E52600AD4CE3 /* IUDIUITests.swift in Sources */,
				A4A517282B86E52600AD4CE3 /* IUDIUITestsLaunchTests.swift in Sources */,
			);
			runOnlyForDeploymentPostprocessing = 0;
		};
/* End PBXSourcesBuildPhase section */

/* Begin PBXTargetDependency section */
		A4A517192B86E52600AD4CE3 /* PBXTargetDependency */ = {
			isa = PBXTargetDependency;
			target = A4A516FD2B86E52100AD4CE3 /* IUDI */;
			targetProxy = A4A517182B86E52600AD4CE3 /* PBXContainerItemProxy */;
		};
		A4A517232B86E52600AD4CE3 /* PBXTargetDependency */ = {
			isa = PBXTargetDependency;
			target = A4A516FD2B86E52100AD4CE3 /* IUDI */;
			targetProxy = A4A517222B86E52600AD4CE3 /* PBXContainerItemProxy */;
		};
/* End PBXTargetDependency section */

/* Begin PBXVariantGroup section */
		A4A5170F2B86E52500AD4CE3 /* LaunchScreen.storyboard */ = {
			isa = PBXVariantGroup;
			children = (
				A4A517102B86E52500AD4CE3 /* Base */,
			);
			name = LaunchScreen.storyboard;
			sourceTree = "<group>";
		};
/* End PBXVariantGroup section */

/* Begin XCBuildConfiguration section */
		A4A517292B86E52600AD4CE3 /* Debug */ = {
			isa = XCBuildConfiguration;
			buildSettings = {
				ALWAYS_SEARCH_USER_PATHS = NO;
				CLANG_ANALYZER_NONNULL = YES;
				CLANG_ANALYZER_NUMBER_OBJECT_CONVERSION = YES_AGGRESSIVE;
				CLANG_CXX_LANGUAGE_STANDARD = "gnu++20";
				CLANG_ENABLE_MODULES = YES;
				CLANG_ENABLE_OBJC_ARC = YES;
				CLANG_ENABLE_OBJC_WEAK = YES;
				CLANG_WARN_BLOCK_CAPTURE_AUTORELEASING = YES;
				CLANG_WARN_BOOL_CONVERSION = YES;
				CLANG_WARN_COMMA = YES;
				CLANG_WARN_CONSTANT_CONVERSION = YES;
				CLANG_WARN_DEPRECATED_OBJC_IMPLEMENTATIONS = YES;
				CLANG_WARN_DIRECT_OBJC_ISA_USAGE = YES_ERROR;
				CLANG_WARN_DOCUMENTATION_COMMENTS = YES;
				CLANG_WARN_EMPTY_BODY = YES;
				CLANG_WARN_ENUM_CONVERSION = YES;
				CLANG_WARN_INFINITE_RECURSION = YES;
				CLANG_WARN_INT_CONVERSION = YES;
				CLANG_WARN_NON_LITERAL_NULL_CONVERSION = YES;
				CLANG_WARN_OBJC_IMPLICIT_RETAIN_SELF = YES;
				CLANG_WARN_OBJC_LITERAL_CONVERSION = YES;
				CLANG_WARN_OBJC_ROOT_CLASS = YES_ERROR;
				CLANG_WARN_QUOTED_INCLUDE_IN_FRAMEWORK_HEADER = YES;
				CLANG_WARN_RANGE_LOOP_ANALYSIS = YES;
				CLANG_WARN_STRICT_PROTOTYPES = YES;
				CLANG_WARN_SUSPICIOUS_MOVE = YES;
				CLANG_WARN_UNGUARDED_AVAILABILITY = YES_AGGRESSIVE;
				CLANG_WARN_UNREACHABLE_CODE = YES;
				CLANG_WARN__DUPLICATE_METHOD_MATCH = YES;
				COPY_PHASE_STRIP = NO;
				DEBUG_INFORMATION_FORMAT = dwarf;
				ENABLE_STRICT_OBJC_MSGSEND = YES;
				ENABLE_TESTABILITY = YES;
				GCC_C_LANGUAGE_STANDARD = gnu11;
				GCC_DYNAMIC_NO_PIC = NO;
				GCC_NO_COMMON_BLOCKS = YES;
				GCC_OPTIMIZATION_LEVEL = 0;
				GCC_PREPROCESSOR_DEFINITIONS = (
					"DEBUG=1",
					"$(inherited)",
				);
				GCC_WARN_64_TO_32_BIT_CONVERSION = YES;
				GCC_WARN_ABOUT_RETURN_TYPE = YES_ERROR;
				GCC_WARN_UNDECLARED_SELECTOR = YES;
				GCC_WARN_UNINITIALIZED_AUTOS = YES_AGGRESSIVE;
				GCC_WARN_UNUSED_FUNCTION = YES;
				GCC_WARN_UNUSED_VARIABLE = YES;
				IPHONEOS_DEPLOYMENT_TARGET = 16.4;
				MTL_ENABLE_DEBUG_INFO = INCLUDE_SOURCE;
				MTL_FAST_MATH = YES;
				ONLY_ACTIVE_ARCH = YES;
				SDKROOT = iphoneos;
				SWIFT_ACTIVE_COMPILATION_CONDITIONS = DEBUG;
				SWIFT_OPTIMIZATION_LEVEL = "-Onone";
			};
			name = Debug;
		};
		A4A5172A2B86E52600AD4CE3 /* Release */ = {
			isa = XCBuildConfiguration;
			buildSettings = {
				ALWAYS_SEARCH_USER_PATHS = NO;
				CLANG_ANALYZER_NONNULL = YES;
				CLANG_ANALYZER_NUMBER_OBJECT_CONVERSION = YES_AGGRESSIVE;
				CLANG_CXX_LANGUAGE_STANDARD = "gnu++20";
				CLANG_ENABLE_MODULES = YES;
				CLANG_ENABLE_OBJC_ARC = YES;
				CLANG_ENABLE_OBJC_WEAK = YES;
				CLANG_WARN_BLOCK_CAPTURE_AUTORELEASING = YES;
				CLANG_WARN_BOOL_CONVERSION = YES;
				CLANG_WARN_COMMA = YES;
				CLANG_WARN_CONSTANT_CONVERSION = YES;
				CLANG_WARN_DEPRECATED_OBJC_IMPLEMENTATIONS = YES;
				CLANG_WARN_DIRECT_OBJC_ISA_USAGE = YES_ERROR;
				CLANG_WARN_DOCUMENTATION_COMMENTS = YES;
				CLANG_WARN_EMPTY_BODY = YES;
				CLANG_WARN_ENUM_CONVERSION = YES;
				CLANG_WARN_INFINITE_RECURSION = YES;
				CLANG_WARN_INT_CONVERSION = YES;
				CLANG_WARN_NON_LITERAL_NULL_CONVERSION = YES;
				CLANG_WARN_OBJC_IMPLICIT_RETAIN_SELF = YES;
				CLANG_WARN_OBJC_LITERAL_CONVERSION = YES;
				CLANG_WARN_OBJC_ROOT_CLASS = YES_ERROR;
				CLANG_WARN_QUOTED_INCLUDE_IN_FRAMEWORK_HEADER = YES;
				CLANG_WARN_RANGE_LOOP_ANALYSIS = YES;
				CLANG_WARN_STRICT_PROTOTYPES = YES;
				CLANG_WARN_SUSPICIOUS_MOVE = YES;
				CLANG_WARN_UNGUARDED_AVAILABILITY = YES_AGGRESSIVE;
				CLANG_WARN_UNREACHABLE_CODE = YES;
				CLANG_WARN__DUPLICATE_METHOD_MATCH = YES;
				COPY_PHASE_STRIP = NO;
				DEBUG_INFORMATION_FORMAT = "dwarf-with-dsym";
				ENABLE_NS_ASSERTIONS = NO;
				ENABLE_STRICT_OBJC_MSGSEND = YES;
				GCC_C_LANGUAGE_STANDARD = gnu11;
				GCC_NO_COMMON_BLOCKS = YES;
				GCC_WARN_64_TO_32_BIT_CONVERSION = YES;
				GCC_WARN_ABOUT_RETURN_TYPE = YES_ERROR;
				GCC_WARN_UNDECLARED_SELECTOR = YES;
				GCC_WARN_UNINITIALIZED_AUTOS = YES_AGGRESSIVE;
				GCC_WARN_UNUSED_FUNCTION = YES;
				GCC_WARN_UNUSED_VARIABLE = YES;
				IPHONEOS_DEPLOYMENT_TARGET = 16.4;
				MTL_ENABLE_DEBUG_INFO = NO;
				MTL_FAST_MATH = YES;
				SDKROOT = iphoneos;
				SWIFT_COMPILATION_MODE = wholemodule;
				SWIFT_OPTIMIZATION_LEVEL = "-O";
				VALIDATE_PRODUCT = YES;
			};
			name = Release;
		};
		A4A5172C2B86E52600AD4CE3 /* Debug */ = {
			isa = XCBuildConfiguration;
			baseConfigurationReference = 8BCB4CCFEEEC9F19F61889A5 /* Pods-IUDI.debug.xcconfig */;
			buildSettings = {
				ASSETCATALOG_COMPILER_APPICON_NAME = AppIcon;
				ASSETCATALOG_COMPILER_GLOBAL_ACCENT_COLOR_NAME = AccentColor;
				CODE_SIGN_STYLE = Automatic;
				CURRENT_PROJECT_VERSION = 1;
				DEVELOPMENT_TEAM = FGS26H53AZ;
				GENERATE_INFOPLIST_FILE = YES;
				INFOPLIST_FILE = IUDI/Info.plist;
				INFOPLIST_KEY_NSLocationAlwaysAndWhenInUseUsageDescription = "Please allow to use location data";
				INFOPLIST_KEY_NSLocationAlwaysUsageDescription = "Please allow use location";
				INFOPLIST_KEY_NSLocationWhenInUseUsageDescription = "Please allow to use location data";
				INFOPLIST_KEY_UIApplicationSupportsIndirectInputEvents = YES;
				INFOPLIST_KEY_UILaunchStoryboardName = LaunchScreen;
				INFOPLIST_KEY_UIMainStoryboardFile = Main;
				INFOPLIST_KEY_UISupportedInterfaceOrientations_iPad = "UIInterfaceOrientationPortrait UIInterfaceOrientationPortraitUpsideDown UIInterfaceOrientationLandscapeLeft UIInterfaceOrientationLandscapeRight";
				INFOPLIST_KEY_UISupportedInterfaceOrientations_iPhone = "UIInterfaceOrientationPortrait UIInterfaceOrientationLandscapeLeft UIInterfaceOrientationLandscapeRight";
				LD_RUNPATH_SEARCH_PATHS = (
					"$(inherited)",
					"@executable_path/Frameworks",
				);
				MARKETING_VERSION = 1.0;
				PRODUCT_BUNDLE_IDENTIFIER = "Nguyen-Huu-Linh.IUDI";
				PRODUCT_NAME = "$(TARGET_NAME)";
				SWIFT_EMIT_LOC_STRINGS = YES;
				SWIFT_VERSION = 5.0;
				TARGETED_DEVICE_FAMILY = "1,2";
			};
			name = Debug;
		};
		A4A5172D2B86E52600AD4CE3 /* Release */ = {
			isa = XCBuildConfiguration;
			baseConfigurationReference = 1FE7B9788E723F2941C05BE6 /* Pods-IUDI.release.xcconfig */;
			buildSettings = {
				ASSETCATALOG_COMPILER_APPICON_NAME = AppIcon;
				ASSETCATALOG_COMPILER_GLOBAL_ACCENT_COLOR_NAME = AccentColor;
				CODE_SIGN_STYLE = Automatic;
				CURRENT_PROJECT_VERSION = 1;
				DEVELOPMENT_TEAM = FGS26H53AZ;
				GENERATE_INFOPLIST_FILE = YES;
				INFOPLIST_FILE = IUDI/Info.plist;
				INFOPLIST_KEY_NSLocationAlwaysAndWhenInUseUsageDescription = "Please allow to use location data";
				INFOPLIST_KEY_NSLocationAlwaysUsageDescription = "Please allow use location";
				INFOPLIST_KEY_NSLocationWhenInUseUsageDescription = "Please allow to use location data";
				INFOPLIST_KEY_UIApplicationSupportsIndirectInputEvents = YES;
				INFOPLIST_KEY_UILaunchStoryboardName = LaunchScreen;
				INFOPLIST_KEY_UIMainStoryboardFile = Main;
				INFOPLIST_KEY_UISupportedInterfaceOrientations_iPad = "UIInterfaceOrientationPortrait UIInterfaceOrientationPortraitUpsideDown UIInterfaceOrientationLandscapeLeft UIInterfaceOrientationLandscapeRight";
				INFOPLIST_KEY_UISupportedInterfaceOrientations_iPhone = "UIInterfaceOrientationPortrait UIInterfaceOrientationLandscapeLeft UIInterfaceOrientationLandscapeRight";
				LD_RUNPATH_SEARCH_PATHS = (
					"$(inherited)",
					"@executable_path/Frameworks",
				);
				MARKETING_VERSION = 1.0;
				PRODUCT_BUNDLE_IDENTIFIER = "Nguyen-Huu-Linh.IUDI";
				PRODUCT_NAME = "$(TARGET_NAME)";
				SWIFT_EMIT_LOC_STRINGS = YES;
				SWIFT_VERSION = 5.0;
				TARGETED_DEVICE_FAMILY = "1,2";
			};
			name = Release;
		};
		A4A5172F2B86E52600AD4CE3 /* Debug */ = {
			isa = XCBuildConfiguration;
			baseConfigurationReference = 95D978491C763FD1F3B95D6A /* Pods-IUDITests.debug.xcconfig */;
			buildSettings = {
				ALWAYS_EMBED_SWIFT_STANDARD_LIBRARIES = YES;
				BUNDLE_LOADER = "$(TEST_HOST)";
				CODE_SIGN_STYLE = Automatic;
				CURRENT_PROJECT_VERSION = 1;
				DEVELOPMENT_TEAM = FGS26H53AZ;
				GENERATE_INFOPLIST_FILE = YES;
				IPHONEOS_DEPLOYMENT_TARGET = 16.4;
				MARKETING_VERSION = 1.0;
				PRODUCT_BUNDLE_IDENTIFIER = "Nguyen-Huu-Linh.IUDITests";
				PRODUCT_NAME = "$(TARGET_NAME)";
				SWIFT_EMIT_LOC_STRINGS = NO;
				SWIFT_VERSION = 5.0;
				TARGETED_DEVICE_FAMILY = "1,2";
				TEST_HOST = "$(BUILT_PRODUCTS_DIR)/IUDI.app/$(BUNDLE_EXECUTABLE_FOLDER_PATH)/IUDI";
			};
			name = Debug;
		};
		A4A517302B86E52600AD4CE3 /* Release */ = {
			isa = XCBuildConfiguration;
			baseConfigurationReference = A5830D6B4C599F9307429DDF /* Pods-IUDITests.release.xcconfig */;
			buildSettings = {
				ALWAYS_EMBED_SWIFT_STANDARD_LIBRARIES = YES;
				BUNDLE_LOADER = "$(TEST_HOST)";
				CODE_SIGN_STYLE = Automatic;
				CURRENT_PROJECT_VERSION = 1;
				DEVELOPMENT_TEAM = FGS26H53AZ;
				GENERATE_INFOPLIST_FILE = YES;
				IPHONEOS_DEPLOYMENT_TARGET = 16.4;
				MARKETING_VERSION = 1.0;
				PRODUCT_BUNDLE_IDENTIFIER = "Nguyen-Huu-Linh.IUDITests";
				PRODUCT_NAME = "$(TARGET_NAME)";
				SWIFT_EMIT_LOC_STRINGS = NO;
				SWIFT_VERSION = 5.0;
				TARGETED_DEVICE_FAMILY = "1,2";
				TEST_HOST = "$(BUILT_PRODUCTS_DIR)/IUDI.app/$(BUNDLE_EXECUTABLE_FOLDER_PATH)/IUDI";
			};
			name = Release;
		};
		A4A517322B86E52600AD4CE3 /* Debug */ = {
			isa = XCBuildConfiguration;
			baseConfigurationReference = 08FDA6F46F4FCD165193BF25 /* Pods-IUDI-IUDIUITests.debug.xcconfig */;
			buildSettings = {
				ALWAYS_EMBED_SWIFT_STANDARD_LIBRARIES = YES;
				CODE_SIGN_STYLE = Automatic;
				CURRENT_PROJECT_VERSION = 1;
				DEVELOPMENT_TEAM = FGS26H53AZ;
				GENERATE_INFOPLIST_FILE = YES;
				MARKETING_VERSION = 1.0;
				PRODUCT_BUNDLE_IDENTIFIER = "Nguyen-Huu-Linh.IUDIUITests";
				PRODUCT_NAME = "$(TARGET_NAME)";
				SWIFT_EMIT_LOC_STRINGS = NO;
				SWIFT_VERSION = 5.0;
				TARGETED_DEVICE_FAMILY = "1,2";
				TEST_TARGET_NAME = IUDI;
			};
			name = Debug;
		};
		A4A517332B86E52600AD4CE3 /* Release */ = {
			isa = XCBuildConfiguration;
			baseConfigurationReference = 5C71A79A806A06D2326D1737 /* Pods-IUDI-IUDIUITests.release.xcconfig */;
			buildSettings = {
				ALWAYS_EMBED_SWIFT_STANDARD_LIBRARIES = YES;
				CODE_SIGN_STYLE = Automatic;
				CURRENT_PROJECT_VERSION = 1;
				DEVELOPMENT_TEAM = FGS26H53AZ;
				GENERATE_INFOPLIST_FILE = YES;
				MARKETING_VERSION = 1.0;
				PRODUCT_BUNDLE_IDENTIFIER = "Nguyen-Huu-Linh.IUDIUITests";
				PRODUCT_NAME = "$(TARGET_NAME)";
				SWIFT_EMIT_LOC_STRINGS = NO;
				SWIFT_VERSION = 5.0;
				TARGETED_DEVICE_FAMILY = "1,2";
				TEST_TARGET_NAME = IUDI;
			};
			name = Release;
		};
/* End XCBuildConfiguration section */

/* Begin XCConfigurationList section */
		A4A516F92B86E52100AD4CE3 /* Build configuration list for PBXProject "IUDI" */ = {
			isa = XCConfigurationList;
			buildConfigurations = (
				A4A517292B86E52600AD4CE3 /* Debug */,
				A4A5172A2B86E52600AD4CE3 /* Release */,
			);
			defaultConfigurationIsVisible = 0;
			defaultConfigurationName = Release;
		};
		A4A5172B2B86E52600AD4CE3 /* Build configuration list for PBXNativeTarget "IUDI" */ = {
			isa = XCConfigurationList;
			buildConfigurations = (
				A4A5172C2B86E52600AD4CE3 /* Debug */,
				A4A5172D2B86E52600AD4CE3 /* Release */,
			);
			defaultConfigurationIsVisible = 0;
			defaultConfigurationName = Release;
		};
		A4A5172E2B86E52600AD4CE3 /* Build configuration list for PBXNativeTarget "IUDITests" */ = {
			isa = XCConfigurationList;
			buildConfigurations = (
				A4A5172F2B86E52600AD4CE3 /* Debug */,
				A4A517302B86E52600AD4CE3 /* Release */,
			);
			defaultConfigurationIsVisible = 0;
			defaultConfigurationName = Release;
		};
		A4A517312B86E52600AD4CE3 /* Build configuration list for PBXNativeTarget "IUDIUITests" */ = {
			isa = XCConfigurationList;
			buildConfigurations = (
				A4A517322B86E52600AD4CE3 /* Debug */,
				A4A517332B86E52600AD4CE3 /* Release */,
			);
			defaultConfigurationIsVisible = 0;
			defaultConfigurationName = Release;
		};
/* End XCConfigurationList section */

/* Begin XCVersionGroup section */
		A4A5170A2B86E52100AD4CE3 /* IUDI.xcdatamodeld */ = {
			isa = XCVersionGroup;
			children = (
				A4A5170B2B86E52100AD4CE3 /* IUDI.xcdatamodel */,
			);
			currentVersion = A4A5170B2B86E52100AD4CE3 /* IUDI.xcdatamodel */;
			path = IUDI.xcdatamodeld;
			sourceTree = "<group>";
			versionGroupType = wrapper.xcdatamodel;
		};
/* End XCVersionGroup section */
	};
	rootObject = A4A516F62B86E52100AD4CE3 /* Project object */;
}
